{
    "_readme": [
        "This file locks the dependencies of your project to a known state",
        "Read more about it at https://getcomposer.org/doc/01-basic-usage.md#composer-lock-the-lock-file",
        "This file is @generated automatically"
    ],
    "hash": "a7c38465e516a5061e1e34faf197b4d8",
    "content-hash": "ac7472a5e373181f94d1533f590b88fe",
    "packages": [
        {
            "name": "laravelflare/flare",
            "version": "0.1.0",
            "source": {
                "type": "git",
                "url": "https://github.com/laravelflare/flare.git",
                "reference": "f395c8be5d3de54c38256ecaf2fe30331ef10a30"
            },
            "dist": {
                "type": "zip",
                "url": "https://api.github.com/repos/laravelflare/flare/zipball/f395c8be5d3de54c38256ecaf2fe30331ef10a30",
                "reference": "f395c8be5d3de54c38256ecaf2fe30331ef10a30",
                "shasum": ""
            },
            "type": "library",
            "autoload": {
                "psr-4": {
                    "LaravelFlare\\Flare\\": "src/Flare"
                }
            },
            "notification-url": "https://packagist.org/downloads/",
            "license": [
                "MIT"
            ],
            "authors": [
                {
                    "name": "Laravel Flare",
                    "homepage": "https://github.com/laravelflare"
                },
                {
                    "name": "Aden Fraser",
                    "email": "aden@jacobbailey.com",
                    "homepage": "https://github.com/AdenFraser"
                }
            ],
            "description": "Laravel Flare",
            "homepage": "https://github.com/JacobBaileyLtd/flare",
            "keywords": [
                "laravel"
            ],
            "time": "2015-10-01 21:17:18"
        },
        {
            "name": "symfony/console",
            "version": "v2.7.5",
            "source": {
                "type": "git",
                "url": "https://github.com/symfony/console.git",
                "reference": "06cb17c013a82f94a3d840682b49425cd00a2161"
            },
            "dist": {
                "type": "zip",
                "url": "https://api.github.com/repos/symfony/console/zipball/06cb17c013a82f94a3d840682b49425cd00a2161",
                "reference": "06cb17c013a82f94a3d840682b49425cd00a2161",
                "shasum": ""
            },
            "require": {
                "php": ">=5.3.9"
            },
            "require-dev": {
                "psr/log": "~1.0",
                "symfony/event-dispatcher": "~2.1",
                "symfony/phpunit-bridge": "~2.7",
                "symfony/process": "~2.1"
            },
            "suggest": {
                "psr/log": "For using the console logger",
                "symfony/event-dispatcher": "",
                "symfony/process": ""
            },
            "type": "library",
            "extra": {
                "branch-alias": {
                    "dev-master": "2.7-dev"
                }
            },
            "autoload": {
                "psr-4": {
                    "Symfony\\Component\\Console\\": ""
                }
            },
            "notification-url": "https://packagist.org/downloads/",
            "license": [
                "MIT"
            ],
            "authors": [
                {
                    "name": "Fabien Potencier",
                    "email": "fabien@symfony.com"
                },
                {
                    "name": "Symfony Community",
                    "homepage": "https://symfony.com/contributors"
                }
            ],
            "description": "Symfony Console Component",
            "homepage": "https://symfony.com",
            "time": "2015-09-25 08:32:23"
        },
        {
            "name": "symfony/process",
            "version": "v2.7.5",
            "source": {
                "type": "git",
                "url": "https://github.com/symfony/process.git",
                "reference": "b27c8e317922cd3cdd3600850273cf6b82b2e8e9"
            },
            "dist": {
                "type": "zip",
                "url": "https://api.github.com/repos/symfony/process/zipball/b27c8e317922cd3cdd3600850273cf6b82b2e8e9",
                "reference": "b27c8e317922cd3cdd3600850273cf6b82b2e8e9",
                "shasum": ""
            },
            "require": {
                "php": ">=5.3.9"
            },
            "require-dev": {
                "symfony/phpunit-bridge": "~2.7"
            },
            "type": "library",
            "extra": {
                "branch-alias": {
                    "dev-master": "2.7-dev"
                }
            },
            "autoload": {
                "psr-4": {
                    "Symfony\\Component\\Process\\": ""
                }
            },
            "notification-url": "https://packagist.org/downloads/",
            "license": [
                "MIT"
            ],
            "authors": [
                {
                    "name": "Fabien Potencier",
                    "email": "fabien@symfony.com"
                },
                {
                    "name": "Symfony Community",
                    "homepage": "https://symfony.com/contributors"
                }
            ],
            "description": "Symfony Process Component",
            "homepage": "https://symfony.com",
            "time": "2015-09-19 19:59:23"
        }
    ],
    "packages-dev": [],
    "aliases": [],
    "minimum-stability": "stable",
    "stability-flags": [],
    "prefer-stable": false,
    "prefer-lowest": false,
    "platform": [],
    "platform-dev": []
}
